
Microsoft Visual Studio Solution File, Format Version 12.00
Project("{FAE04EC0-301F-11D3-BF4B-00C04F79EFBC}") = "LoginProfiles", "LoginProfiles\LoginProfiles.csproj", "{2082ECCF-E330-4EA0-B169-A4A9B92FB228}"
EndProject
Project("{FAE04EC0-301F-11D3-BF4B-00C04F79EFBC}") = "PickupOverrides", "PickupOverrides\PickupOverrides.csproj", "{32DE0532-A91B-4EA0-98D4-5A67C3CEBB8F}"
EndProject
Project("{FAE04EC0-301F-11D3-BF4B-00C04F79EFBC}") = "CCK.Debugger", "CCK.Debugger\CCK.Debugger.csproj", "{050A4F78-3010-482F-91F0-516D40ABAF84}"
EndProject
Project("{FAE04EC0-301F-11D3-BF4B-00C04F79EFBC}") = "OSC", "OSC\OSC.csproj", "{81E84FD7-1C2F-48C2-B28F-B5045BDD0380}"
EndProject
Project("{FAE04EC0-301F-11D3-BF4B-00C04F79EFBC}") = "FirstPersonHider", "FirstPersonHider\FirstPersonHider.csproj", "{9E3C9429-D384-4855-992C-138AF0F9BF2B}"
EndProject
Project("{FAE04EC0-301F-11D3-BF4B-00C04F79EFBC}") = "FreedomFingers", "FreedomFingers\FreedomFingers.csproj", "{C1F22034-FD3B-4C68-8812-F58BD9B3E912}"
EndProject
Project("{FAE04EC0-301F-11D3-BF4B-00C04F79EFBC}") = "ProfilesExtended", "ProfilesExtended\ProfilesExtended.csproj", "{F1535614-5C57-4B03-B790-9A692951AE0D}"
EndProject
Project("{FAE04EC0-301F-11D3-BF4B-00C04F79EFBC}") = "BetterLipsync", "BetterLipsync\BetterLipsync.csproj", "{40BC9975-4F25-428C-A6DF-D88F2BB3BBB4}"
EndProject
Project("{FAE04EC0-301F-11D3-BF4B-00C04F79EFBC}") = "EyeMovementFix", "EyeMovementFix\EyeMovementFix.csproj", "{26F1FBA5-DE63-4C8B-AB0B-551B30256242}"
EndProject
Project("{FAE04EC0-301F-11D3-BF4B-00C04F79EFBC}") = "TheClapper", "TheClapper\TheClapper.csproj", "{6ECD55E3-AAE1-4F2A-B985-9E71347DDB2B}"
EndProject
Project("{FAE04EC0-301F-11D3-BF4B-00C04F79EFBC}") = "CVRSuperMario64", "CVRSuperMario64\CVRSuperMario64.csproj", "{7BDE8363-27E1-4EC3-85C8-59AF92F04EB2}"
EndProject
Project("{FAE04EC0-301F-11D3-BF4B-00C04F79EFBC}") = "Instances", "Instances\Instances.csproj", "{8CC3CEBC-1CFE-4FD7-8E08-375FFF9C0349}"
EndProject
Project("{FAE04EC0-301F-11D3-BF4B-00C04F79EFBC}") = "PostProcessingOverrides", "PostProcessingOverrides\PostProcessingOverrides.csproj", "{8042B46E-3158-4BDA-AD3A-1D20B76D9AB0}"
EndProject
Project("{FAE04EC0-301F-11D3-BF4B-00C04F79EFBC}") = "RealisticFlight", "RealisticFlight\RealisticFlight.csproj", "{23A2E4F2-7B05-42CF-8C18-916E1696249D}"
EndProject
Project("{FAE04EC0-301F-11D3-BF4B-00C04F79EFBC}") = "QuickMenuAccessibility", "QuickMenuAccessibility\QuickMenuAccessibility.csproj", "{B2DF7302-88C8-4ECC-BA7C-721F9B97E9A7}"
EndProject
Project("{FAE04EC0-301F-11D3-BF4B-00C04F79EFBC}") = "BetterPlayerCollider", "BetterPlayerCollider\BetterPlayerCollider.csproj", "{3390F14C-7B81-4DF2-88C5-47EE734A18DD}"
EndProject
Project("{FAE04EC0-301F-11D3-BF4B-00C04F79EFBC}") = "MinimizeWindows", "MinimizeWindows\MinimizeWindows.csproj", "{D43CC288-26CC-4F48-863E-0AA6620C15B8}"
EndProject
Project("{FAE04EC0-301F-11D3-BF4B-00C04F79EFBC}") = "NoHardwareAcceleration", "NoHardwareAcceleration\NoHardwareAcceleration.csproj", "{64D4DD1A-1BC9-45A3-AE5F-2503ED5ADA0C}"
EndProject
Project("{FAE04EC0-301F-11D3-BF4B-00C04F79EFBC}") = "CVRUnverifiedModUpdaterPlugin", "CVRUnverifiedModUpdaterPlugin\CVRUnverifiedModUpdaterPlugin.csproj", "{CFF9881B-3A4B-4411-BC98-E112DD5F7C3C}"
EndProject
Project("{FAE04EC0-301F-11D3-BF4B-00C04F79EFBC}") = "BetterAFK", "BetterAFK\BetterAFK.csproj", "{2FD32016-6331-46B9-9979-6676CED2E1B2}"
EndProject
Project("{FAE04EC0-301F-11D3-BF4B-00C04F79EFBC}") = "ChatBox", "ChatBox\ChatBox.csproj", "{DF5222E3-DB35-4B81-85EC-ECC665F965D8}"
EndProject
Project("{FAE04EC0-301F-11D3-BF4B-00C04F79EFBC}") = "FuckMinus", "FuckMinus\FuckMinus.csproj", "{7532DDAB-2D28-4A80-BD62-7086D0B33708}"
EndProject
Project("{FAE04EC0-301F-11D3-BF4B-00C04F79EFBC}") = "RequestLib", "RequestLib\RequestLib.csproj", "{E05795EE-A8E9-4633-A636-A780A90D0F74}"
EndProject
Project("{FAE04EC0-301F-11D3-BF4B-00C04F79EFBC}") = "FuckRTSP", "FuckRTSP\FuckRTSP.csproj", "{FB8E6152-FDBE-4B47-B90A-43619F2CE5A3}"
EndProject
Project("{FAE04EC0-301F-11D3-BF4B-00C04F79EFBC}") = "WrongMic", "WrongMic\WrongMic.csproj", "{7674ADD2-AF4A-4C1F-94E0-D6FCCF5B5D99}"
EndProject
Project("{FAE04EC0-301F-11D3-BF4B-00C04F79EFBC}") = "GrabbyBones", "GrabbyBones\GrabbyBones.csproj", "{E06897D7-0099-43C2-B824-4DE2F234CFC4}"
EndProject
Project("{FAE04EC0-301F-11D3-BF4B-00C04F79EFBC}") = "Logger++", "Logger++\Logger++.csproj", "{F513CCEB-5AF5-45E0-9A38-4F5FCAA0D60A}"
EndProject
Project("{FAE04EC0-301F-11D3-BF4B-00C04F79EFBC}") = "BetterPortals", "BetterPortals\BetterPortals.csproj", "{14799FDA-25CB-40CD-B787-0050146851D5}"
EndProject
Global
	GlobalSection(SolutionConfigurationPlatforms) = preSolution
		Debug|Any CPU = Debug|Any CPU
		Release|Any CPU = Release|Any CPU
	EndGlobalSection
	GlobalSection(ProjectConfigurationPlatforms) = postSolution
		{2082ECCF-E330-4EA0-B169-A4A9B92FB228}.Debug|Any CPU.ActiveCfg = Debug|Any CPU
		{2082ECCF-E330-4EA0-B169-A4A9B92FB228}.Debug|Any CPU.Build.0 = Debug|Any CPU
		{2082ECCF-E330-4EA0-B169-A4A9B92FB228}.Release|Any CPU.ActiveCfg = Release|Any CPU
		{2082ECCF-E330-4EA0-B169-A4A9B92FB228}.Release|Any CPU.Build.0 = Release|Any CPU
		{32DE0532-A91B-4EA0-98D4-5A67C3CEBB8F}.Debug|Any CPU.ActiveCfg = Debug|Any CPU
		{32DE0532-A91B-4EA0-98D4-5A67C3CEBB8F}.Debug|Any CPU.Build.0 = Debug|Any CPU
		{32DE0532-A91B-4EA0-98D4-5A67C3CEBB8F}.Release|Any CPU.ActiveCfg = Release|Any CPU
		{32DE0532-A91B-4EA0-98D4-5A67C3CEBB8F}.Release|Any CPU.Build.0 = Release|Any CPU
		{050A4F78-3010-482F-91F0-516D40ABAF84}.Debug|Any CPU.ActiveCfg = Debug|Any CPU
		{050A4F78-3010-482F-91F0-516D40ABAF84}.Debug|Any CPU.Build.0 = Debug|Any CPU
		{050A4F78-3010-482F-91F0-516D40ABAF84}.Release|Any CPU.ActiveCfg = Release|Any CPU
		{050A4F78-3010-482F-91F0-516D40ABAF84}.Release|Any CPU.Build.0 = Release|Any CPU
		{81E84FD7-1C2F-48C2-B28F-B5045BDD0380}.Debug|Any CPU.ActiveCfg = Debug|Any CPU
		{81E84FD7-1C2F-48C2-B28F-B5045BDD0380}.Debug|Any CPU.Build.0 = Debug|Any CPU
		{81E84FD7-1C2F-48C2-B28F-B5045BDD0380}.Release|Any CPU.ActiveCfg = Release|Any CPU
		{81E84FD7-1C2F-48C2-B28F-B5045BDD0380}.Release|Any CPU.Build.0 = Release|Any CPU
		{9E3C9429-D384-4855-992C-138AF0F9BF2B}.Debug|Any CPU.ActiveCfg = Debug|Any CPU
		{9E3C9429-D384-4855-992C-138AF0F9BF2B}.Debug|Any CPU.Build.0 = Debug|Any CPU
		{9E3C9429-D384-4855-992C-138AF0F9BF2B}.Release|Any CPU.ActiveCfg = Release|Any CPU
		{9E3C9429-D384-4855-992C-138AF0F9BF2B}.Release|Any CPU.Build.0 = Release|Any CPU
		{C1F22034-FD3B-4C68-8812-F58BD9B3E912}.Debug|Any CPU.ActiveCfg = Debug|Any CPU
		{C1F22034-FD3B-4C68-8812-F58BD9B3E912}.Debug|Any CPU.Build.0 = Debug|Any CPU
		{C1F22034-FD3B-4C68-8812-F58BD9B3E912}.Release|Any CPU.ActiveCfg = Release|Any CPU
		{C1F22034-FD3B-4C68-8812-F58BD9B3E912}.Release|Any CPU.Build.0 = Release|Any CPU
		{F1535614-5C57-4B03-B790-9A692951AE0D}.Debug|Any CPU.ActiveCfg = Debug|Any CPU
		{F1535614-5C57-4B03-B790-9A692951AE0D}.Debug|Any CPU.Build.0 = Debug|Any CPU
		{F1535614-5C57-4B03-B790-9A692951AE0D}.Release|Any CPU.ActiveCfg = Release|Any CPU
		{F1535614-5C57-4B03-B790-9A692951AE0D}.Release|Any CPU.Build.0 = Release|Any CPU
		{40BC9975-4F25-428C-A6DF-D88F2BB3BBB4}.Debug|Any CPU.ActiveCfg = Debug|Any CPU
		{40BC9975-4F25-428C-A6DF-D88F2BB3BBB4}.Debug|Any CPU.Build.0 = Debug|Any CPU
		{40BC9975-4F25-428C-A6DF-D88F2BB3BBB4}.Release|Any CPU.ActiveCfg = Release|Any CPU
		{40BC9975-4F25-428C-A6DF-D88F2BB3BBB4}.Release|Any CPU.Build.0 = Release|Any CPU
		{26F1FBA5-DE63-4C8B-AB0B-551B30256242}.Debug|Any CPU.ActiveCfg = Debug|Any CPU
		{26F1FBA5-DE63-4C8B-AB0B-551B30256242}.Debug|Any CPU.Build.0 = Debug|Any CPU
		{26F1FBA5-DE63-4C8B-AB0B-551B30256242}.Release|Any CPU.ActiveCfg = Release|Any CPU
		{26F1FBA5-DE63-4C8B-AB0B-551B30256242}.Release|Any CPU.Build.0 = Release|Any CPU
		{6ECD55E3-AAE1-4F2A-B985-9E71347DDB2B}.Debug|Any CPU.ActiveCfg = Debug|Any CPU
		{6ECD55E3-AAE1-4F2A-B985-9E71347DDB2B}.Debug|Any CPU.Build.0 = Debug|Any CPU
		{6ECD55E3-AAE1-4F2A-B985-9E71347DDB2B}.Release|Any CPU.ActiveCfg = Release|Any CPU
		{6ECD55E3-AAE1-4F2A-B985-9E71347DDB2B}.Release|Any CPU.Build.0 = Release|Any CPU
		{7BDE8363-27E1-4EC3-85C8-59AF92F04EB2}.Debug|Any CPU.ActiveCfg = Debug|Any CPU
		{7BDE8363-27E1-4EC3-85C8-59AF92F04EB2}.Debug|Any CPU.Build.0 = Debug|Any CPU
		{7BDE8363-27E1-4EC3-85C8-59AF92F04EB2}.Release|Any CPU.ActiveCfg = Release|Any CPU
		{7BDE8363-27E1-4EC3-85C8-59AF92F04EB2}.Release|Any CPU.Build.0 = Release|Any CPU
		{8CC3CEBC-1CFE-4FD7-8E08-375FFF9C0349}.Debug|Any CPU.ActiveCfg = Debug|Any CPU
		{8CC3CEBC-1CFE-4FD7-8E08-375FFF9C0349}.Debug|Any CPU.Build.0 = Debug|Any CPU
		{8CC3CEBC-1CFE-4FD7-8E08-375FFF9C0349}.Release|Any CPU.ActiveCfg = Release|Any CPU
		{8CC3CEBC-1CFE-4FD7-8E08-375FFF9C0349}.Release|Any CPU.Build.0 = Release|Any CPU
		{8042B46E-3158-4BDA-AD3A-1D20B76D9AB0}.Debug|Any CPU.ActiveCfg = Debug|Any CPU
		{8042B46E-3158-4BDA-AD3A-1D20B76D9AB0}.Debug|Any CPU.Build.0 = Debug|Any CPU
		{8042B46E-3158-4BDA-AD3A-1D20B76D9AB0}.Release|Any CPU.ActiveCfg = Release|Any CPU
		{8042B46E-3158-4BDA-AD3A-1D20B76D9AB0}.Release|Any CPU.Build.0 = Release|Any CPU
		{23A2E4F2-7B05-42CF-8C18-916E1696249D}.Debug|Any CPU.ActiveCfg = Debug|Any CPU
		{23A2E4F2-7B05-42CF-8C18-916E1696249D}.Debug|Any CPU.Build.0 = Debug|Any CPU
		{23A2E4F2-7B05-42CF-8C18-916E1696249D}.Release|Any CPU.ActiveCfg = Release|Any CPU
		{23A2E4F2-7B05-42CF-8C18-916E1696249D}.Release|Any CPU.Build.0 = Release|Any CPU
		{B2DF7302-88C8-4ECC-BA7C-721F9B97E9A7}.Debug|Any CPU.ActiveCfg = Debug|Any CPU
		{B2DF7302-88C8-4ECC-BA7C-721F9B97E9A7}.Debug|Any CPU.Build.0 = Debug|Any CPU
		{B2DF7302-88C8-4ECC-BA7C-721F9B97E9A7}.Release|Any CPU.ActiveCfg = Release|Any CPU
		{B2DF7302-88C8-4ECC-BA7C-721F9B97E9A7}.Release|Any CPU.Build.0 = Release|Any CPU
		{3390F14C-7B81-4DF2-88C5-47EE734A18DD}.Debug|Any CPU.ActiveCfg = Debug|Any CPU
		{3390F14C-7B81-4DF2-88C5-47EE734A18DD}.Debug|Any CPU.Build.0 = Debug|Any CPU
		{3390F14C-7B81-4DF2-88C5-47EE734A18DD}.Release|Any CPU.ActiveCfg = Release|Any CPU
		{3390F14C-7B81-4DF2-88C5-47EE734A18DD}.Release|Any CPU.Build.0 = Release|Any CPU
		{D43CC288-26CC-4F48-863E-0AA6620C15B8}.Debug|Any CPU.ActiveCfg = Debug|Any CPU
		{D43CC288-26CC-4F48-863E-0AA6620C15B8}.Debug|Any CPU.Build.0 = Debug|Any CPU
		{D43CC288-26CC-4F48-863E-0AA6620C15B8}.Release|Any CPU.ActiveCfg = Release|Any CPU
		{D43CC288-26CC-4F48-863E-0AA6620C15B8}.Release|Any CPU.Build.0 = Release|Any CPU
		{64D4DD1A-1BC9-45A3-AE5F-2503ED5ADA0C}.Debug|Any CPU.ActiveCfg = Debug|Any CPU
		{64D4DD1A-1BC9-45A3-AE5F-2503ED5ADA0C}.Debug|Any CPU.Build.0 = Debug|Any CPU
		{64D4DD1A-1BC9-45A3-AE5F-2503ED5ADA0C}.Release|Any CPU.ActiveCfg = Release|Any CPU
		{64D4DD1A-1BC9-45A3-AE5F-2503ED5ADA0C}.Release|Any CPU.Build.0 = Release|Any CPU
		{CFF9881B-3A4B-4411-BC98-E112DD5F7C3C}.Debug|Any CPU.ActiveCfg = Debug|Any CPU
		{CFF9881B-3A4B-4411-BC98-E112DD5F7C3C}.Debug|Any CPU.Build.0 = Debug|Any CPU
		{CFF9881B-3A4B-4411-BC98-E112DD5F7C3C}.Release|Any CPU.ActiveCfg = Release|Any CPU
		{CFF9881B-3A4B-4411-BC98-E112DD5F7C3C}.Release|Any CPU.Build.0 = Release|Any CPU
		{2FD32016-6331-46B9-9979-6676CED2E1B2}.Debug|Any CPU.ActiveCfg = Debug|Any CPU
		{2FD32016-6331-46B9-9979-6676CED2E1B2}.Debug|Any CPU.Build.0 = Debug|Any CPU
		{2FD32016-6331-46B9-9979-6676CED2E1B2}.Release|Any CPU.ActiveCfg = Release|Any CPU
		{2FD32016-6331-46B9-9979-6676CED2E1B2}.Release|Any CPU.Build.0 = Release|Any CPU
		{DF5222E3-DB35-4B81-85EC-ECC665F965D8}.Debug|Any CPU.ActiveCfg = Debug|Any CPU
		{DF5222E3-DB35-4B81-85EC-ECC665F965D8}.Debug|Any CPU.Build.0 = Debug|Any CPU
		{DF5222E3-DB35-4B81-85EC-ECC665F965D8}.Release|Any CPU.ActiveCfg = Release|Any CPU
		{DF5222E3-DB35-4B81-85EC-ECC665F965D8}.Release|Any CPU.Build.0 = Release|Any CPU
		{7532DDAB-2D28-4A80-BD62-7086D0B33708}.Debug|Any CPU.ActiveCfg = Debug|Any CPU
		{7532DDAB-2D28-4A80-BD62-7086D0B33708}.Debug|Any CPU.Build.0 = Debug|Any CPU
		{7532DDAB-2D28-4A80-BD62-7086D0B33708}.Release|Any CPU.ActiveCfg = Release|Any CPU
		{7532DDAB-2D28-4A80-BD62-7086D0B33708}.Release|Any CPU.Build.0 = Release|Any CPU
		{E05795EE-A8E9-4633-A636-A780A90D0F74}.Debug|Any CPU.ActiveCfg = Debug|Any CPU
		{E05795EE-A8E9-4633-A636-A780A90D0F74}.Debug|Any CPU.Build.0 = Debug|Any CPU
		{E05795EE-A8E9-4633-A636-A780A90D0F74}.Release|Any CPU.ActiveCfg = Release|Any CPU
		{E05795EE-A8E9-4633-A636-A780A90D0F74}.Release|Any CPU.Build.0 = Release|Any CPU
		{FB8E6152-FDBE-4B47-B90A-43619F2CE5A3}.Debug|Any CPU.ActiveCfg = Debug|Any CPU
		{FB8E6152-FDBE-4B47-B90A-43619F2CE5A3}.Debug|Any CPU.Build.0 = Debug|Any CPU
		{FB8E6152-FDBE-4B47-B90A-43619F2CE5A3}.Release|Any CPU.ActiveCfg = Release|Any CPU
		{FB8E6152-FDBE-4B47-B90A-43619F2CE5A3}.Release|Any CPU.Build.0 = Release|Any CPU
		{7674ADD2-AF4A-4C1F-94E0-D6FCCF5B5D99}.Debug|Any CPU.ActiveCfg = Debug|Any CPU
		{7674ADD2-AF4A-4C1F-94E0-D6FCCF5B5D99}.Debug|Any CPU.Build.0 = Debug|Any CPU
		{7674ADD2-AF4A-4C1F-94E0-D6FCCF5B5D99}.Release|Any CPU.ActiveCfg = Release|Any CPU
		{7674ADD2-AF4A-4C1F-94E0-D6FCCF5B5D99}.Release|Any CPU.Build.0 = Release|Any CPU
		{E06897D7-0099-43C2-B824-4DE2F234CFC4}.Debug|Any CPU.ActiveCfg = Debug|Any CPU
		{E06897D7-0099-43C2-B824-4DE2F234CFC4}.Debug|Any CPU.Build.0 = Debug|Any CPU
		{E06897D7-0099-43C2-B824-4DE2F234CFC4}.Release|Any CPU.ActiveCfg = Release|Any CPU
		{E06897D7-0099-43C2-B824-4DE2F234CFC4}.Release|Any CPU.Build.0 = Release|Any CPU
		{F513CCEB-5AF5-45E0-9A38-4F5FCAA0D60A}.Debug|Any CPU.ActiveCfg = Debug|Any CPU
		{F513CCEB-5AF5-45E0-9A38-4F5FCAA0D60A}.Debug|Any CPU.Build.0 = Debug|Any CPU
		{F513CCEB-5AF5-45E0-9A38-4F5FCAA0D60A}.Release|Any CPU.ActiveCfg = Release|Any CPU
		{F513CCEB-5AF5-45E0-9A38-4F5FCAA0D60A}.Release|Any CPU.Build.0 = Release|Any CPU
		{14799FDA-25CB-40CD-B787-0050146851D5}.Debug|Any CPU.ActiveCfg = Debug|Any CPU
		{14799FDA-25CB-40CD-B787-0050146851D5}.Debug|Any CPU.Build.0 = Debug|Any CPU
		{14799FDA-25CB-40CD-B787-0050146851D5}.Release|Any CPU.ActiveCfg = Release|Any CPU
		{14799FDA-25CB-40CD-B787-0050146851D5}.Release|Any CPU.Build.0 = Release|Any CPU
	EndGlobalSection
EndGlobal
